
Microsoft Visual Studio Solution File, Format Version 12.00
# Visual Studio 15
VisualStudioVersion = 15.0.28010.2036
MinimumVisualStudioVersion = 10.0.40219.1
Project("{FAE04EC0-301F-11D3-BF4B-00C04F79EFBC}") = "submit_audio_file", "submit_audio_file\submit_audio_file.csproj", "{65436BEA-41AB-439C-B1C7-D4027B6A045F}"
EndProject
Project("{FAE04EC0-301F-11D3-BF4B-00C04F79EFBC}") = "GUI", "GUI\GUI.csproj", "{00C7077D-A3E3-4CF4-96DD-DFFA3A9455A2}"
EndProject
Global
	GlobalSection(SolutionConfigurationPlatforms) = preSolution
		Debug|Any CPU = Debug|Any CPU
		Release|Any CPU = Release|Any CPU
	EndGlobalSection
	GlobalSection(ProjectConfigurationPlatforms) = postSolution
		{65436BEA-41AB-439C-B1C7-D4027B6A045F}.Debug|Any CPU.ActiveCfg = Debug|Any CPU
		{65436BEA-41AB-439C-B1C7-D4027B6A045F}.Debug|Any CPU.Build.0 = Debug|Any CPU
		{65436BEA-41AB-439C-B1C7-D4027B6A045F}.Release|Any CPU.ActiveCfg = Release|Any CPU
		{65436BEA-41AB-439C-B1C7-D4027B6A045F}.Release|Any CPU.Build.0 = Release|Any CPU
		{00C7077D-A3E3-4CF4-96DD-DFFA3A9455A2}.Debug|Any CPU.ActiveCfg = Debug|Any CPU
		{00C7077D-A3E3-4CF4-96DD-DFFA3A9455A2}.Debug|Any CPU.Build.0 = Debug|Any CPU
		{00C7077D-A3E3-4CF4-96DD-DFFA3A9455A2}.Release|Any CPU.ActiveCfg = Release|Any CPU
		{00C7077D-A3E3-4CF4-96DD-DFFA3A9455A2}.Release|Any CPU.Build.0 = Release|Any CPU
	EndGlobalSection
	GlobalSection(SolutionProperties) = preSolution
		HideSolutionNode = FALSE
	EndGlobalSection
	GlobalSection(ExtensibilityGlobals) = postSolution
		SolutionGuid = {89B3F60C-D55A-43EE-AB88-09FE1A152190}
	EndGlobalSection
EndGlobal
